
Microsoft Visual Studio Solution File, Format Version 12.00
# Visual Studio Version 17
VisualStudioVersion = 17.11.35312.102
MinimumVisualStudioVersion = 10.0.40219.1
Project("{FAE04EC0-301F-11D3-BF4B-00C04F79EFBC}") = "SystemInfoFetcher", "SystemInfoFetcher.csproj", "{473F8739-AC1E-4299-B756-DED9FB5CBD92}"
EndProject
Global
	GlobalSection(SolutionConfigurationPlatforms) = preSolution
		Debug|Any CPU = Debug|Any CPU
		Release|Any CPU = Release|Any CPU
	EndGlobalSection
	GlobalSection(ProjectConfigurationPlatforms) = postSolution
		{473F8739-AC1E-4299-B756-DED9FB5CBD92}.Debug|Any CPU.ActiveCfg = Debug|Any CPU
		{473F8739-AC1E-4299-B756-DED9FB5CBD92}.Debug|Any CPU.Build.0 = Debug|Any CPU
		{473F8739-AC1E-4299-B756-DED9FB5CBD92}.Release|Any CPU.ActiveCfg = Release|Any CPU
		{473F8739-AC1E-4299-B756-DED9FB5CBD92}.Release|Any CPU.Build.0 = Release|Any CPU
	EndGlobalSection
	GlobalSection(SolutionProperties) = preSolution
		HideSolutionNode = FALSE
	EndGlobalSection
	GlobalSection(ExtensibilityGlobals) = postSolution
		SolutionGuid = {7DB6D7A8-6057-49D7-86F3-C01AD138FBBC}
	EndGlobalSection
EndGlobal
